{
  "version": 4,
  "terraform_version": "1.6.2",
  "serial": 9,
  "lineage": "3a6293c3-430e-eb0a-dd7d-127cb5214a96",
  "outputs": {
    "external_ip_address_node01_yandex_cloud": {
      "value": "158.160.55.67",
      "type": "string"
    },
    "internal_ip_address_node01_yandex_cloud": {
      "value": "192.168.101.26",
      "type": "string"
    }
  },
  "resources": [
    {
      "mode": "managed",
      "type": "yandex_compute_instance",
      "name": "node01",
      "provider": "provider[\"registry.terraform.io/yandex-cloud/yandex\"]",
      "instances": [
        {
          "schema_version": 1,
          "attributes": {
            "allow_recreate": null,
            "allow_stopping_for_update": true,
            "boot_disk": [
              {
                "auto_delete": true,
                "device_name": "fhma9uef0hkavn6hdalo",
                "disk_id": "fhma9uef0hkavn6hdalo",
                "initialize_params": [
                  {
                    "block_size": 4096,
                    "description": "",
                    "image_id": "fd8hksavvldvav594gst",
                    "name": "root-node01",
                    "size": 50,
                    "snapshot_id": "",
                    "type": "network-ssd"
                  }
                ],
                "mode": "READ_WRITE"
              }
            ],
            "created_at": "2023-10-29T16:35:08Z",
            "description": "",
            "filesystem": [],
            "folder_id": "b1gm6gpv0a61qb7vnrc8",
            "fqdn": "node01.netology.cloud",
            "gpu_cluster_id": "",
            "hostname": "node01.netology.cloud",
            "id": "fhmdmc1var2cit52f1pe",
            "labels": null,
            "local_disk": [],
            "metadata": {
              "ssh-keys": "debian:ssh-rsa AAAAB3NzaC1yc2EAAAADAQABAAABgQCRxdcX62gYIsf0t8pLZMLcDnWye6MXEzWoIsYwe6ma6ANRVD5TcY7U2+ijejTEeA+xAP6jg1JtBCGSQH6dMBQ9zrqYRQOTBBvzrB+QV9gUa6spVNZANLerWXmUVzFgXnr1J1F8LgkTdsLP5+uXBf99QJD732qPwcjaqQQmbRPxYCak1bdCOvUMh7S9Qu0XE5GN8wZu3ycuAZnxi4MVxCdQ5qyxcq0wN0v3830zVfeN18JGdumU0ff5kewtjVRUlM5Ro7z06nYHxhLfyraObykXYrqii1w+FebbF06x4T3QYb1Vx4I5JA7yt0JrCUBMfcBcAxQSfxhEwwjv4nuDHw7S6isXObuDkMPPSEo+PwjAb46HC96RsfoTG2UJtK6YPmG2Uuu0eTRAbEyzsyYJmhV+tYV1eV3akf9tTxn/Kd460VMsCnHO6V+oPDlgebsyme6wyU59Cc9AfIFD/13WkKUuGQqo2PvkSnWKaMhJ0v/OSU9InkhE6uekQy9N6G/hujk= abramov@abramov\n"
            },
            "metadata_options": [
              {
                "aws_v1_http_endpoint": 1,
                "aws_v1_http_token": 2,
                "gce_http_endpoint": 1,
                "gce_http_token": 1
              }
            ],
            "name": "node01",
            "network_acceleration_type": "standard",
            "network_interface": [
              {
                "dns_record": [],
                "index": 0,
                "ip_address": "192.168.101.26",
                "ipv4": true,
                "ipv6": false,
                "ipv6_address": "",
                "ipv6_dns_record": [],
                "mac_address": "d0:0d:db:30:3f:56",
                "nat": true,
                "nat_dns_record": [],
                "nat_ip_address": "158.160.55.67",
                "nat_ip_version": "IPV4",
                "security_group_ids": [],
                "subnet_id": "e9bmfoplup87muk4u541"
              }
            ],
            "placement_policy": [
              {
                "host_affinity_rules": [],
                "placement_group_id": ""
              }
            ],
            "platform_id": "standard-v1",
            "resources": [
              {
                "core_fraction": 100,
                "cores": 8,
                "gpus": 0,
                "memory": 8
              }
            ],
            "scheduling_policy": [
              {
                "preemptible": false
              }
            ],
            "secondary_disk": [],
            "service_account_id": "",
            "status": "running",
            "timeouts": null,
            "zone": "ru-central1-a"
          },
          "sensitive_attributes": [],
          "private": "eyJlMmJmYjczMC1lY2FhLTExZTYtOGY4OC0zNDM2M2JjN2M0YzAiOnsiY3JlYXRlIjozMDAwMDAwMDAwMDAsImRlbGV0ZSI6MzAwMDAwMDAwMDAwLCJ1cGRhdGUiOjMwMDAwMDAwMDAwMH0sInNjaGVtYV92ZXJzaW9uIjoiMSJ9",
          "dependencies": [
            "yandex_vpc_network.default",
            "yandex_vpc_subnet.default"
          ]
        }
      ]
    },
    {
      "mode": "managed",
      "type": "yandex_vpc_network",
      "name": "default",
      "provider": "provider[\"registry.terraform.io/yandex-cloud/yandex\"]",
      "instances": [
        {
          "schema_version": 0,
          "attributes": {
            "created_at": "2023-10-27T10:18:36Z",
            "default_security_group_id": "enpuqnrvn3rpj7ogn7gc",
            "description": "",
            "folder_id": "b1gm6gpv0a61qb7vnrc8",
            "id": "enpsbnnvpgqgljdg3f00",
            "labels": {},
            "name": "net",
            "subnet_ids": [
              "e9bmfoplup87muk4u541"
            ],
            "timeouts": null
          },
          "sensitive_attributes": [],
          "private": "eyJlMmJmYjczMC1lY2FhLTExZTYtOGY4OC0zNDM2M2JjN2M0YzAiOnsiY3JlYXRlIjo2MDAwMDAwMDAwMCwiZGVsZXRlIjo2MDAwMDAwMDAwMCwidXBkYXRlIjo2MDAwMDAwMDAwMH19"
        }
      ]
    },
    {
      "mode": "managed",
      "type": "yandex_vpc_subnet",
      "name": "default",
      "provider": "provider[\"registry.terraform.io/yandex-cloud/yandex\"]",
      "instances": [
        {
          "schema_version": 0,
          "attributes": {
            "created_at": "2023-10-27T10:18:39Z",
            "description": "",
            "dhcp_options": [],
            "folder_id": "b1gm6gpv0a61qb7vnrc8",
            "id": "e9bmfoplup87muk4u541",
            "labels": {},
            "name": "subnet",
            "network_id": "enpsbnnvpgqgljdg3f00",
            "route_table_id": "",
            "timeouts": null,
            "v4_cidr_blocks": [
              "192.168.101.0/24"
            ],
            "v6_cidr_blocks": [],
            "zone": "ru-central1-a"
          },
          "sensitive_attributes": [],
          "private": "eyJlMmJmYjczMC1lY2FhLTExZTYtOGY4OC0zNDM2M2JjN2M0YzAiOnsiY3JlYXRlIjoxODAwMDAwMDAwMDAsImRlbGV0ZSI6MTgwMDAwMDAwMDAwLCJ1cGRhdGUiOjE4MDAwMDAwMDAwMH19",
          "dependencies": [
            "yandex_vpc_network.default"
          ]
        }
      ]
    }
  ],
  "check_results": null
}
